// !$*UTF8*$!
{
	archiveVersion = 1;
	classes = {
	};
	objectVersion = 38;
	objects = {
		072191ED041DB2C900A8000A = {
			children = (
				072191EE041DB2F000A8000A,
				072191F0041DB2F000A8000A,
				072191EF041DB2F000A8000A,
				072191F2041DB2F000A8000A,
				072191F1041DB2F000A8000A,
				072191F4041DB2F000A8000A,
				072191F3041DB2F000A8000A,
				072191FC041DB40100A8000A,
			);
			isa = PBXGroup;
			name = Config;
			refType = 4;
		};
		072191EE041DB2F000A8000A = {
			fileEncoding = 30;
			isa = PBXFileReference;
			name = ConfigNode.h;
			path = ../conf/ConfigNode.h;
			refType = 2;
		};
		072191EF041DB2F000A8000A = {
			fileEncoding = 30;
			isa = PBXFileReference;
			name = Configuration.cpp;
			path = ../conf/Configuration.cpp;
			refType = 2;
		};
		072191F0041DB2F000A8000A = {
			fileEncoding = 30;
			isa = PBXFileReference;
			name = Configuration.h;
			path = ../conf/Configuration.h;
			refType = 2;
		};
		072191F1041DB2F000A8000A = {
			fileEncoding = 30;
			isa = PBXFileReference;
			name = XMLNode.cpp;
			path = ../conf/XMLNode.cpp;
			refType = 2;
		};
		072191F2041DB2F000A8000A = {
			fileEncoding = 30;
			isa = PBXFileReference;
			name = XMLNode.h;
			path = ../conf/XMLNode.h;
			refType = 2;
		};
		072191F3041DB2F000A8000A = {
			fileEncoding = 30;
			isa = PBXFileReference;
			name = XMLTree.cpp;
			path = ../conf/XMLTree.cpp;
			refType = 2;
		};
		072191F4041DB2F000A8000A = {
			fileEncoding = 30;
			isa = PBXFileReference;
			name = XMLTree.h;
			path = ../conf/XMLTree.h;
			refType = 2;
		};
		072191F5041DB2F000A8000A = {
			fileRef = 072191EE041DB2F000A8000A;
			isa = PBXBuildFile;
			settings = {
			};
		};
		072191F6041DB2F000A8000A = {
			fileRef = 072191EF041DB2F000A8000A;
			isa = PBXBuildFile;
			settings = {
			};
		};
		072191F7041DB2F000A8000A = {
			fileRef = 072191F0041DB2F000A8000A;
			isa = PBXBuildFile;
			settings = {
			};
		};
		072191F8041DB2F000A8000A = {
			fileRef = 072191F1041DB2F000A8000A;
			isa = PBXBuildFile;
			settings = {
			};
		};
		072191F9041DB2F000A8000A = {
			fileRef = 072191F2041DB2F000A8000A;
			isa = PBXBuildFile;
			settings = {
			};
		};
		072191FA041DB2F000A8000A = {
			fileRef = 072191F3041DB2F000A8000A;
			isa = PBXBuildFile;
			settings = {
			};
		};
		072191FB041DB2F000A8000A = {
			fileRef = 072191F4041DB2F000A8000A;
			isa = PBXBuildFile;
			settings = {
			};
		};
		072191FC041DB40100A8000A = {
			fileEncoding = 4;
			isa = PBXFileReference;
			name = misc.h;
			path = ../conf/misc.h;
			refType = 2;
		};
		072191FD041DB40100A8000A = {
			fileRef = 072191FC041DB40100A8000A;
			isa = PBXBuildFile;
			settings = {
			};
		};
		0725669804272B7B00A8000A = {
			fileEncoding = 30;
			isa = PBXFileReference;
			name = Game.cpp;
			path = ../Game.cpp;
			refType = 2;
		};
		0725669904272B7B00A8000A = {
			fileEncoding = 30;
			isa = PBXFileReference;
			name = Game.h;
			path = /Users/eric/Projects/Ultima6/nuvie/Game.h;
			refType = 0;
		};
		0725669A04272B7B00A8000A = {
			fileEncoding = 30;
			isa = PBXFileReference;
			name = main.cpp;
			path = ../main.cpp;
			refType = 2;
		};
		0725669B04272B7B00A8000A = {
			fileEncoding = 30;
			isa = PBXFileReference;
			name = main.h;
			path = ../main.h;
			refType = 2;
		};
		0725669C04272B7B00A8000A = {
			fileEncoding = 30;
			isa = PBXFileReference;
			name = Map.cpp;
			path = ../Map.cpp;
			refType = 2;
		};
		0725669D04272B7B00A8000A = {
			fileEncoding = 30;
			isa = PBXFileReference;
			name = Map.h;
			path = ../Map.h;
			refType = 2;
		};
		0725669E04272B7B00A8000A = {
			fileEncoding = 30;
			isa = PBXFileReference;
			name = MsgScroll.cpp;
			path = ../MsgScroll.cpp;
			refType = 2;
		};
		0725669F04272B7B00A8000A = {
			fileEncoding = 30;
			isa = PBXFileReference;
			name = MsgScroll.h;
			path = ../MsgScroll.h;
			refType = 2;
		};
		072566A004272B7B00A8000A = {
			fileEncoding = 30;
			isa = PBXFileReference;
			name = nuvie.cpp;
			path = ../nuvie.cpp;
			refType = 2;
		};
		072566A104272B7B00A8000A = {
			fileEncoding = 30;
			isa = PBXFileReference;
			name = nuvie.h;
			path = ../nuvie.h;
			refType = 2;
		};
		072566A204272B7B00A8000A = {
			fileEncoding = 30;
			isa = PBXFileReference;
			name = Text.cpp;
			path = ../Text.cpp;
			refType = 2;
		};
		072566A304272B7B00A8000A = {
			fileEncoding = 30;
			isa = PBXFileReference;
			name = Text.h;
			path = ../Text.h;
			refType = 2;
		};
		072566A404272B7B00A8000A = {
			fileEncoding = 30;
			isa = PBXFileReference;
			name = TileManager.cpp;
			path = ../TileManager.cpp;
			refType = 2;
		};
		072566A504272B7B00A8000A = {
			fileEncoding = 30;
			isa = PBXFileReference;
			name = TileManager.h;
			path = ../TileManager.h;
			refType = 2;
		};
		072566A604272B7B00A8000A = {
			fileRef = 0725669804272B7B00A8000A;
			isa = PBXBuildFile;
			settings = {
			};
		};
		072566A704272B7B00A8000A = {
			fileRef = 0725669904272B7B00A8000A;
			isa = PBXBuildFile;
			settings = {
			};
		};
		072566A804272B7B00A8000A = {
			fileRef = 0725669A04272B7B00A8000A;
			isa = PBXBuildFile;
			settings = {
			};
		};
		072566A904272B7B00A8000A = {
			fileRef = 0725669B04272B7B00A8000A;
			isa = PBXBuildFile;
			settings = {
			};
		};
		072566AA04272B7B00A8000A = {
			fileRef = 0725669C04272B7B00A8000A;
			isa = PBXBuildFile;
			settings = {
			};
		};
		072566AB04272B7B00A8000A = {
			fileRef = 0725669D04272B7B00A8000A;
			isa = PBXBuildFile;
			settings = {
			};
		};
		072566AC04272B7B00A8000A = {
			fileRef = 0725669E04272B7B00A8000A;
			isa = PBXBuildFile;
			settings = {
			};
		};
		072566AD04272B7B00A8000A = {
			fileRef = 0725669F04272B7B00A8000A;
			isa = PBXBuildFile;
			settings = {
			};
		};
		072566AE04272B7B00A8000A = {
			fileRef = 072566A004272B7B00A8000A;
			isa = PBXBuildFile;
			settings = {
			};
		};
		072566AF04272B7B00A8000A = {
			fileRef = 072566A104272B7B00A8000A;
			isa = PBXBuildFile;
			settings = {
			};
		};
		072566B004272B7B00A8000A = {
			fileRef = 072566A204272B7B00A8000A;
			isa = PBXBuildFile;
			settings = {
			};
		};
		072566B104272B7B00A8000A = {
			fileRef = 072566A304272B7B00A8000A;
			isa = PBXBuildFile;
			settings = {
			};
		};
		072566B204272B7B00A8000A = {
			fileRef = 072566A404272B7B00A8000A;
			isa = PBXBuildFile;
			settings = {
			};
		};
		072566B304272B7B00A8000A = {
			fileRef = 072566A504272B7B00A8000A;
			isa = PBXBuildFile;
			settings = {
			};
		};
		072566B404272BC000A8000A = {
			fileEncoding = 30;
			isa = PBXFileReference;
			name = ObjManager.cpp;
			path = ../ObjManager.cpp;
			refType = 2;
		};
		072566B504272BC000A8000A = {
			fileEncoding = 30;
			isa = PBXFileReference;
			name = ObjManager.h;
			path = ../ObjManager.h;
			refType = 2;
		};
		072566B604272BC000A8000A = {
			fileRef = 072566B404272BC000A8000A;
			isa = PBXBuildFile;
			settings = {
			};
		};
		072566B704272BC000A8000A = {
			fileRef = 072566B504272BC000A8000A;
			isa = PBXBuildFile;
			settings = {
			};
		};
		072566B804272C0200A8000A = {
			fileEncoding = 30;
			isa = PBXFileReference;
			name = U6LList.cpp;
			path = ../misc/U6LList.cpp;
			refType = 2;
		};
		072566B904272C0200A8000A = {
			fileEncoding = 30;
			isa = PBXFileReference;
			name = U6LList.h;
			path = ../misc/U6LList.h;
			refType = 2;
		};
		072566BA04272C0200A8000A = {
			fileRef = 072566B804272C0200A8000A;
			isa = PBXBuildFile;
			settings = {
			};
		};
		072566BB04272C0200A8000A = {
			fileRef = 072566B904272C0200A8000A;
			isa = PBXBuildFile;
			settings = {
			};
		};
		072566C404272E4B00A8000A = {
			isa = PBXFileReference;
			name = nuvie.cfg;
			path = /Users/eric/Projects/Ultima6/nuvie/nuvie.cfg;
			refType = 0;
		};
		072BE3A5041ADE7D00A8000A = {
			fileEncoding = 4;
			isa = PBXFileReference;
			name = U6Bmp.h;
			path = ../files/U6Bmp.h;
			refType = 2;
		};
		072BE3A6041ADE7D00A8000A = {
			fileEncoding = 4;
			isa = PBXFileReference;
			name = U6Bmp.cpp;
			path = ../files/U6Bmp.cpp;
			refType = 2;
		};
		072BE3A7041ADE7D00A8000A = {
			fileRef = 072BE3A5041ADE7D00A8000A;
			isa = PBXBuildFile;
			settings = {
			};
		};
		072BE3A8041ADE7D00A8000A = {
			fileRef = 072BE3A6041ADE7D00A8000A;
			isa = PBXBuildFile;
			settings = {
			};
		};
		072BE3AD041AFE1100A8000A = {
			children = (
				072BE3AF041AFE3900A8000A,
				072BE3AE041AFE3900A8000A,
				072BE3B2041AFE8A00A8000A,
				072BE3B3041AFE8A00A8000A,
			);
			isa = PBXGroup;
			name = Screen;
			refType = 4;
		};
		072BE3AE041AFE3900A8000A = {
			fileEncoding = 30;
			isa = PBXFileReference;
			name = Screen.cpp;
			path = ../screen/Screen.cpp;
			refType = 2;
		};
		072BE3AF041AFE3900A8000A = {
			fileEncoding = 30;
			isa = PBXFileReference;
			name = Screen.h;
			path = ../screen/Screen.h;
			refType = 2;
		};
		072BE3B0041AFE3900A8000A = {
			fileRef = 072BE3AE041AFE3900A8000A;
			isa = PBXBuildFile;
			settings = {
			};
		};
		072BE3B1041AFE3900A8000A = {
			fileRef = 072BE3AF041AFE3900A8000A;
			isa = PBXBuildFile;
			settings = {
			};
		};
		072BE3B2041AFE8A00A8000A = {
			fileEncoding = 4;
			isa = PBXFileReference;
			name = GamePalette.h;
			path = ../screen/GamePalette.h;
			refType = 2;
		};
		072BE3B3041AFE8A00A8000A = {
			fileEncoding = 4;
			isa = PBXFileReference;
			name = GamePalette.cpp;
			path = ../screen/GamePalette.cpp;
			refType = 2;
		};
		072BE3B4041AFE8A00A8000A = {
			fileRef = 072BE3B2041AFE8A00A8000A;
			isa = PBXBuildFile;
			settings = {
			};
		};
		072BE3B5041AFE8A00A8000A = {
			fileRef = 072BE3B3041AFE8A00A8000A;
			isa = PBXBuildFile;
			settings = {
			};
		};
		072BE3BC041B07DD00A8000A = {
			children = (
				F5A47A9D01A0482F01D3D55B,
				F5A47A9E01A0483001D3D55B,
				07B8BE110419C49C00A8000A,
			);
			isa = PBXGroup;
			name = MacOSX;
			refType = 4;
		};
		0740D531042AA97500A8000A = {
			fileEncoding = 30;
			isa = PBXFileReference;
			name = Actor.cpp;
			path = ../Actor.cpp;
			refType = 2;
		};
		0740D532042AA97500A8000A = {
			fileEncoding = 30;
			isa = PBXFileReference;
			name = Actor.h;
			path = ../Actor.h;
			refType = 2;
		};
		0740D533042AA97500A8000A = {
			fileEncoding = 30;
			isa = PBXFileReference;
			name = ActorManager.cpp;
			path = ../ActorManager.cpp;
			refType = 2;
		};
		0740D534042AA97500A8000A = {
			fileEncoding = 30;
			isa = PBXFileReference;
			name = ActorManager.h;
			path = ../ActorManager.h;
			refType = 2;
		};
		0740D535042AA97500A8000A = {
			fileEncoding = 30;
			isa = PBXFileReference;
			name = MapWindow.cpp;
			path = ../MapWindow.cpp;
			refType = 2;
		};
		0740D536042AA97500A8000A = {
			fileEncoding = 30;
			isa = PBXFileReference;
			name = MapWindow.h;
			path = ../MapWindow.h;
			refType = 2;
		};
		0740D537042AA97500A8000A = {
			fileRef = 0740D531042AA97500A8000A;
			isa = PBXBuildFile;
			settings = {
			};
		};
		0740D538042AA97500A8000A = {
			fileRef = 0740D532042AA97500A8000A;
			isa = PBXBuildFile;
			settings = {
			};
		};
		0740D539042AA97500A8000A = {
			fileRef = 0740D533042AA97500A8000A;
			isa = PBXBuildFile;
			settings = {
			};
		};
		0740D53A042AA97500A8000A = {
			fileRef = 0740D534042AA97500A8000A;
			isa = PBXBuildFile;
			settings = {
			};
		};
		0740D53B042AA97500A8000A = {
			fileRef = 0740D535042AA97500A8000A;
			isa = PBXBuildFile;
			settings = {
			};
		};
		0740D53C042AA97500A8000A = {
			fileRef = 0740D536042AA97500A8000A;
			isa = PBXBuildFile;
			settings = {
			};
		};
		079CA1D204230A2B00A8000A = {
			children = (
				079CA1D704232F3100A8000A,
				072566B904272C0200A8000A,
				072566B804272C0200A8000A,
			);
			isa = PBXGroup;
			name = misc;
			path = "";
			refType = 4;
		};
		079CA1D704232F3100A8000A = {
			fileEncoding = 30;
			isa = PBXFileReference;
			name = U6def.h;
			path = ../misc/U6def.h;
			refType = 2;
		};
		079CA1D804232F3100A8000A = {
			fileRef = 079CA1D704232F3100A8000A;
			isa = PBXBuildFile;
			settings = {
			};
		};
		07B8BE040419B94F00A8000A = {
			fileEncoding = 30;
			isa = PBXFileReference;
			name = U6File.cpp;
			path = ../files/U6File.cpp;
			refType = 2;
		};
		07B8BE050419B94F00A8000A = {
			fileEncoding = 30;
			isa = PBXFileReference;
			name = U6File.h;
			path = ../files/U6File.h;
			refType = 2;
		};
		07B8BE060419B94F00A8000A = {
			fileEncoding = 30;
			isa = PBXFileReference;
			name = U6Lzw.cpp;
			path = ../files/U6Lzw.cpp;
			refType = 2;
		};
		07B8BE070419B94F00A8000A = {
			fileEncoding = 30;
			isa = PBXFileReference;
			name = U6Lzw.h;
			path = ../files/U6Lzw.h;
			refType = 2;
		};
		07B8BE080419B94F00A8000A = {
			fileRef = 07B8BE040419B94F00A8000A;
			isa = PBXBuildFile;
			settings = {
			};
		};
		07B8BE090419B94F00A8000A = {
			fileRef = 07B8BE050419B94F00A8000A;
			isa = PBXBuildFile;
			settings = {
			};
		};
		07B8BE0A0419B94F00A8000A = {
			fileRef = 07B8BE060419B94F00A8000A;
			isa = PBXBuildFile;
			settings = {
			};
		};
		07B8BE0B0419B94F00A8000A = {
			fileRef = 07B8BE070419B94F00A8000A;
			isa = PBXBuildFile;
			settings = {
			};
		};
		07B8BE0C0419B95A00A8000A = {
			children = (
				07B8BE050419B94F00A8000A,
				07B8BE040419B94F00A8000A,
				07B8BE070419B94F00A8000A,
				07B8BE060419B94F00A8000A,
				07B8BE130419DA1000A8000A,
				07B8BE140419DA1000A8000A,
				072BE3A5041ADE7D00A8000A,
				072BE3A6041ADE7D00A8000A,
			);
			isa = PBXGroup;
			name = Files;
			refType = 4;
		};
		07B8BE110419C49C00A8000A = {
			fileEncoding = 30;
			isa = PBXFileReference;
			path = main.cpp;
			refType = 4;
		};
		07B8BE120419C49C00A8000A = {
			fileRef = 07B8BE110419C49C00A8000A;
			isa = PBXBuildFile;
			settings = {
			};
		};
		07B8BE130419DA1000A8000A = {
			fileEncoding = 4;
			isa = PBXFileReference;
			name = U6Lib_n.h;
			path = ../files/U6Lib_n.h;
			refType = 2;
		};
		07B8BE140419DA1000A8000A = {
			fileEncoding = 4;
			isa = PBXFileReference;
			name = U6Lib_n.cpp;
			path = ../files/U6Lib_n.cpp;
			refType = 2;
		};
		07B8BE150419DA1000A8000A = {
			fileRef = 07B8BE130419DA1000A8000A;
			isa = PBXBuildFile;
			settings = {
			};
		};
		07B8BE160419DA1000A8000A = {
			fileRef = 07B8BE140419DA1000A8000A;
			isa = PBXBuildFile;
			settings = {
			};
		};
		07C5BE0B042D65B100A8000A = {
			fileEncoding = 4;
			isa = PBXFileReference;
			name = player.h;
			path = ../player.h;
			refType = 2;
		};
		07C5BE0C042D65B100A8000A = {
			fileEncoding = 4;
			isa = PBXFileReference;
			name = player.cpp;
			path = ../player.cpp;
			refType = 2;
		};
		07C5BE0D042D65B100A8000A = {
			fileRef = 07C5BE0B042D65B100A8000A;
			isa = PBXBuildFile;
			settings = {
			};
		};
		07C5BE0E042D65B100A8000A = {
			fileRef = 07C5BE0C042D65B100A8000A;
			isa = PBXBuildFile;
			settings = {
			};
		};
//070
//071
//072
//073
//074
//080
//081
//082
//083
//084
		080E96DDFE201D6D7F000001 = {
			children = (
			);
			isa = PBXGroup;
			name = Classes;
			refType = 4;
		};
		089C165CFE840E0CC02AAC07 = {
			children = (
				089C165DFE840E0CC02AAC07,
			);
			isa = PBXVariantGroup;
			name = InfoPlist.strings;
			refType = 4;
		};
		089C165DFE840E0CC02AAC07 = {
			fileEncoding = 10;
			isa = PBXFileReference;
			name = English;
			path = English.lproj/InfoPlist.strings;
			refType = 4;
		};
		089C165EFE840E0CC02AAC07 = {
			fileRef = 089C165CFE840E0CC02AAC07;
			isa = PBXBuildFile;
			settings = {
			};
		};
//080
//081
//082
//083
//084
//100
//101
//102
//103
//104
		1058C7A0FEA54F0111CA2CBB = {
			children = (
				1058C7A1FEA54F0111CA2CBB,
			);
			isa = PBXGroup;
			name = "Linked Frameworks";
			refType = 4;
		};
		1058C7A1FEA54F0111CA2CBB = {
			isa = PBXFrameworkReference;
			name = Cocoa.framework;
			path = /System/Library/Frameworks/Cocoa.framework;
			refType = 0;
		};
		1058C7A2FEA54F0111CA2CBB = {
			children = (
				29B97325FDCFA39411CA2CEA,
				29B97324FDCFA39411CA2CEA,
			);
			isa = PBXGroup;
			name = "Other Frameworks";
			refType = 4;
		};
		1058C7A3FEA54F0111CA2CBB = {
			fileRef = 1058C7A1FEA54F0111CA2CBB;
			isa = PBXBuildFile;
			settings = {
			};
		};
//100
//101
//102
//103
//104
//170
//171
//172
//173
//174
		17587328FF379C6511CA2CBB = {
			isa = PBXApplicationReference;
			path = Nuive.app;
			refType = 3;
		};
//170
//171
//172
//173
//174
//190
//191
//192
//193
//194
		19C28FACFE9D520D11CA2CBB = {
			children = (
				17587328FF379C6511CA2CBB,
			);
			isa = PBXGroup;
			name = Products;
			refType = 4;
		};
//190
//191
//192
//193
//194
//290
//291
//292
//293
//294
		29B97313FDCFA39411CA2CEA = {
			buildStyles = (
				4A9504CCFFE6A4B311CA0CBA,
				4A9504CDFFE6A4B311CA0CBA,
			);
			hasScannedForEncodings = 1;
			isa = PBXProject;
			mainGroup = 29B97314FDCFA39411CA2CEA;
			projectDirPath = "";
			targets = (
				29B97326FDCFA39411CA2CEA,
			);
		};
		29B97314FDCFA39411CA2CEA = {
			children = (
				080E96DDFE201D6D7F000001,
				29B97315FDCFA39411CA2CEA,
				29B97317FDCFA39411CA2CEA,
				29B97323FDCFA39411CA2CEA,
				19C28FACFE9D520D11CA2CBB,
			);
			isa = PBXGroup;
			name = "SDL App";
			path = "";
			refType = 4;
		};
		29B97315FDCFA39411CA2CEA = {
			children = (
				072191ED041DB2C900A8000A,
				072BE3BC041B07DD00A8000A,
				07B8BE0C0419B95A00A8000A,
				079CA1D204230A2B00A8000A,
				072BE3AD041AFE1100A8000A,
				0725669904272B7B00A8000A,
				0725669804272B7B00A8000A,
				0725669B04272B7B00A8000A,
				0725669A04272B7B00A8000A,
				0725669D04272B7B00A8000A,
				0725669C04272B7B00A8000A,
				0740D536042AA97500A8000A,
				0740D535042AA97500A8000A,
				0725669F04272B7B00A8000A,
				0725669E04272B7B00A8000A,
				072566A104272B7B00A8000A,
				072566A004272B7B00A8000A,
				072566A304272B7B00A8000A,
				072566A204272B7B00A8000A,
				072566A504272B7B00A8000A,
				072566A404272B7B00A8000A,
				072566B504272BC000A8000A,
				072566B404272BC000A8000A,
				0740D532042AA97500A8000A,
				0740D531042AA97500A8000A,
				07C5BE0B042D65B100A8000A,
				07C5BE0C042D65B100A8000A,
				0740D534042AA97500A8000A,
				0740D533042AA97500A8000A,
			);
			isa = PBXGroup;
			name = "Other Sources";
			path = "";
			refType = 4;
		};
		29B97317FDCFA39411CA2CEA = {
			children = (
				072566C404272E4B00A8000A,
				089C165CFE840E0CC02AAC07,
			);
			isa = PBXGroup;
			name = Resources;
			path = "";
			refType = 4;
		};
		29B97323FDCFA39411CA2CEA = {
			children = (
				1058C7A0FEA54F0111CA2CBB,
				1058C7A2FEA54F0111CA2CBB,
			);
			isa = PBXGroup;
			name = Frameworks;
			path = "";
			refType = 4;
		};
		29B97324FDCFA39411CA2CEA = {
			isa = PBXFrameworkReference;
			name = AppKit.framework;
			path = /System/Library/Frameworks/AppKit.framework;
			refType = 0;
		};
		29B97325FDCFA39411CA2CEA = {
			isa = PBXFrameworkReference;
			name = Foundation.framework;
			path = /System/Library/Frameworks/Foundation.framework;
			refType = 0;
		};
		29B97326FDCFA39411CA2CEA = {
			buildPhases = (
				29B97327FDCFA39411CA2CEA,
				29B97328FDCFA39411CA2CEA,
				29B9732BFDCFA39411CA2CEA,
				29B9732DFDCFA39411CA2CEA,
			);
			buildSettings = {
				FRAMEWORK_SEARCH_PATHS = "\"$(HOME)/Library/Frameworks\"";
				HEADER_SEARCH_PATHS = "\"$(HOME)/Library/Frameworks/SDL.framework/Headers\"";
				INSTALL_PATH = "$(HOME)/Applications";
				LIBRARY_SEARCH_PATHS = "";
				OTHER_CFLAGS = "-DMACOSX";
				OTHER_LDFLAGS = "-framework SDL";
				PREBINDING = NO;
				PRODUCT_NAME = Nuive;
				SECTORDER_FLAGS = "";
				WARNING_CFLAGS = "-Wmost -Wno-four-char-constants -Wno-unknown-pragmas";
				WRAPPER_EXTENSION = app;
			};
			dependencies = (
			);
			isa = PBXApplicationTarget;
			name = Nuive;
			productInstallPath = "$(HOME)/Applications";
			productName = "SDL App";
			productReference = 17587328FF379C6511CA2CBB;
			productSettingsXML = "<?xml version=\"1.0\" encoding=\"UTF-8\"?>
<!DOCTYPE plist PUBLIC \"-//Apple Computer//DTD PLIST 1.0//EN\" \"http://www.apple.com/DTDs/PropertyList-1.0.dtd\">
<plist version=\"1.0\">
<dict>
	<key>CFBundleDevelopmentRegion</key>
	<string>English</string>
	<key>CFBundleExecutable</key>
	<string>Nuive</string>
	<key>CFBundleIconFile</key>
	<string></string>
	<key>CFBundleInfoDictionaryVersion</key>
	<string>6.0</string>
	<key>CFBundlePackageType</key>
	<string>APPL</string>
	<key>CFBundleSignature</key>
	<string>????</string>
	<key>CFBundleVersion</key>
	<string>0.1</string>
	<key>NSMainNibFile</key>
	<string>MainMenu</string>
	<key>NSPrincipalClass</key>
	<string>NSApplication</string>
</dict>
</plist>
";
		};
		29B97327FDCFA39411CA2CEA = {
			buildActionMask = 2147483647;
			files = (
				F5A47AA101A0483001D3D55B,
				07B8BE090419B94F00A8000A,
				07B8BE0B0419B94F00A8000A,
				07B8BE150419DA1000A8000A,
				072BE3A7041ADE7D00A8000A,
				072BE3B1041AFE3900A8000A,
				072BE3B4041AFE8A00A8000A,
				072191F5041DB2F000A8000A,
				072191F7041DB2F000A8000A,
				072191F9041DB2F000A8000A,
				072191FB041DB2F000A8000A,
				072191FD041DB40100A8000A,
				079CA1D804232F3100A8000A,
				072566A704272B7B00A8000A,
				072566A904272B7B00A8000A,
				072566AB04272B7B00A8000A,
				072566AD04272B7B00A8000A,
				072566AF04272B7B00A8000A,
				072566B104272B7B00A8000A,
				072566B304272B7B00A8000A,
				072566B704272BC000A8000A,
				072566BB04272C0200A8000A,
				0740D538042AA97500A8000A,
				0740D53A042AA97500A8000A,
				0740D53C042AA97500A8000A,
				07C5BE0D042D65B100A8000A,
			);
			isa = PBXHeadersBuildPhase;
			runOnlyForDeploymentPostprocessing = 0;
		};
		29B97328FDCFA39411CA2CEA = {
			buildActionMask = 2147483647;
			files = (
				089C165EFE840E0CC02AAC07,
			);
			isa = PBXResourcesBuildPhase;
			runOnlyForDeploymentPostprocessing = 0;
		};
		29B9732BFDCFA39411CA2CEA = {
			buildActionMask = 2147483647;
			files = (
				F5A47AA301A0483001D3D55B,
				07B8BE080419B94F00A8000A,
				07B8BE0A0419B94F00A8000A,
				07B8BE120419C49C00A8000A,
				07B8BE160419DA1000A8000A,
				072BE3A8041ADE7D00A8000A,
				072BE3B0041AFE3900A8000A,
				072BE3B5041AFE8A00A8000A,
				072191F6041DB2F000A8000A,
				072191F8041DB2F000A8000A,
				072191FA041DB2F000A8000A,
				072566A604272B7B00A8000A,
				072566A804272B7B00A8000A,
				072566AA04272B7B00A8000A,
				072566AC04272B7B00A8000A,
				072566AE04272B7B00A8000A,
				072566B004272B7B00A8000A,
				072566B204272B7B00A8000A,
				072566B604272BC000A8000A,
				072566BA04272C0200A8000A,
				0740D537042AA97500A8000A,
				0740D539042AA97500A8000A,
				0740D53B042AA97500A8000A,
				07C5BE0E042D65B100A8000A,
			);
			isa = PBXSourcesBuildPhase;
			runOnlyForDeploymentPostprocessing = 0;
		};
		29B9732DFDCFA39411CA2CEA = {
			buildActionMask = 2147483647;
			files = (
				1058C7A3FEA54F0111CA2CBB,
			);
			isa = PBXFrameworksBuildPhase;
			runOnlyForDeploymentPostprocessing = 0;
		};
//290
//291
//292
//293
//294
//4A0
//4A1
//4A2
//4A3
//4A4
		4A9504CCFFE6A4B311CA0CBA = {
			buildRules = (
			);
			buildSettings = {
				COPY_PHASE_STRIP = NO;
				OPTIMIZATION_CFLAGS = "-O0";
			};
			isa = PBXBuildStyle;
			name = Development;
		};
		4A9504CDFFE6A4B311CA0CBA = {
			buildRules = (
			);
			buildSettings = {
				COPY_PHASE_STRIP = YES;
			};
			isa = PBXBuildStyle;
			name = Deployment;
		};
//4A0
//4A1
//4A2
//4A3
//4A4
//F50
//F51
//F52
//F53
//F54
		F5A47A9D01A0482F01D3D55B = {
			fileEncoding = 30;
			isa = PBXFileReference;
			path = SDLMain.h;
			refType = 2;
		};
		F5A47A9E01A0483001D3D55B = {
			fileEncoding = 30;
			isa = PBXFileReference;
			path = SDLMain.m;
			refType = 2;
		};
		F5A47AA101A0483001D3D55B = {
			fileRef = F5A47A9D01A0482F01D3D55B;
			isa = PBXBuildFile;
			settings = {
			};
		};
		F5A47AA301A0483001D3D55B = {
			fileRef = F5A47A9E01A0483001D3D55B;
			isa = PBXBuildFile;
			settings = {
			};
		};
	};
	rootObject = 29B97313FDCFA39411CA2CEA;
}
